
Microsoft Visual Studio Solution File, Format Version 12.00
# Visual Studio 14
VisualStudioVersion = 14.0.24720.0
MinimumVisualStudioVersion = 10.0.40219.1
Project("{FAE04EC0-301F-11D3-BF4B-00C04F79EFBC}") = "DMO_Konsole", "DMO_Konsole\DMO_Konsole.csproj", "{BD0B3297-F0EC-47AC-9C48-894C19D97948}"
EndProject
Project("{FAE04EC0-301F-11D3-BF4B-00C04F79EFBC}") = "HicsMVC", "HicsMVC\HicsMVC.csproj", "{47329ACA-86FC-4CE2-8BDA-A3CA789957DB}"
EndProject
Project("{FAE04EC0-301F-11D3-BF4B-00C04F79EFBC}") = "HicsBL", "HicsBL\HicsBL.csproj", "{4E087615-6CD9-4346-A569-DA51D1F02321}"
EndProject
Project("{FAE04EC0-301F-11D3-BF4B-00C04F79EFBC}") = "HueDotNet", "HueDotNet\HueDotNet.csproj", "{5FCD221C-EA3E-4964-88D3-4861016D3889}"
EndProject
Project("{2150E333-8FDC-42A3-9474-1A3956D46DE8}") = "DB_Scripts", "DB_Scripts", "{447C906F-24FD-4540-8E5C-3A587518CDE6}"
	ProjectSection(SolutionItems) = preProject
		Hics_BatchJob_v3.4\00_create_db_hics_lokal.bat = Hics_BatchJob_v3.4\00_create_db_hics_lokal.bat
		Hics_BatchJob_v3.4\00_create_db_hics_server.bat = Hics_BatchJob_v3.4\00_create_db_hics_server.bat
		Hics_BatchJob_v3.4\01.1_delete_all_object.sql = Hics_BatchJob_v3.4\01.1_delete_all_object.sql
		Hics_BatchJob_v3.4\01_drop_db_hics.sql = Hics_BatchJob_v3.4\01_drop_db_hics.sql
		Hics_BatchJob_v3.4\02_create_db_hics.sql = Hics_BatchJob_v3.4\02_create_db_hics.sql
		Hics_BatchJob_v3.4\03_create_table_hics.sql = Hics_BatchJob_v3.4\03_create_table_hics.sql
		Hics_BatchJob_v3.4\04_create_pk_hics.sql = Hics_BatchJob_v3.4\04_create_pk_hics.sql
		Hics_BatchJob_v3.4\05_create_fk_hics.sql = Hics_BatchJob_v3.4\05_create_fk_hics.sql
		Hics_BatchJob_v3.4\06_create_index_hics.sql = Hics_BatchJob_v3.4\06_create_index_hics.sql
		Hics_BatchJob_v3.4\07_create_grant_hics_lokal.sql = Hics_BatchJob_v3.4\07_create_grant_hics_lokal.sql
		Hics_BatchJob_v3.4\07_create_grant_hics_server.sql = Hics_BatchJob_v3.4\07_create_grant_hics_server.sql
		Hics_BatchJob_v3.4\13_exec_main_data.sql = Hics_BatchJob_v3.4\13_exec_main_data.sql
	EndProjectSection
EndProject
Project("{2150E333-8FDC-42A3-9474-1A3956D46DE8}") = "Funktionen", "Funktionen", "{05E257AF-1B60-4F03-8473-D95874B44566}"
	ProjectSection(SolutionItems) = preProject
		Hics_BatchJob_v3.4\Funktionen\18.1_fn_show_lamp_status.sql = Hics_BatchJob_v3.4\Funktionen\18.1_fn_show_lamp_status.sql
		Hics_BatchJob_v3.4\Funktionen\18.2_fn_show_lampgroup_status.sql = Hics_BatchJob_v3.4\Funktionen\18.2_fn_show_lampgroup_status.sql
		Hics_BatchJob_v3.4\Funktionen\18.3.1_fn_show_lamps.sql = Hics_BatchJob_v3.4\Funktionen\18.3.1_fn_show_lamps.sql
		Hics_BatchJob_v3.4\Funktionen\18.3.2_fn_show_deleted_lamps.sql = Hics_BatchJob_v3.4\Funktionen\18.3.2_fn_show_deleted_lamps.sql
		Hics_BatchJob_v3.4\Funktionen\18.4.1_fn_show_lampgroups.sql = Hics_BatchJob_v3.4\Funktionen\18.4.1_fn_show_lampgroups.sql
		Hics_BatchJob_v3.4\Funktionen\18.4.2_fn_show_deleted_roomgroups.sql = Hics_BatchJob_v3.4\Funktionen\18.4.2_fn_show_deleted_roomgroups.sql
		Hics_BatchJob_v3.4\Funktionen\19.10_fn_show_lamp_brightness_scalar.sql = Hics_BatchJob_v3.4\Funktionen\19.10_fn_show_lamp_brightness_scalar.sql
		Hics_BatchJob_v3.4\Funktionen\19.11_fn_check_lamp_delete_scalar.sql = Hics_BatchJob_v3.4\Funktionen\19.11_fn_check_lamp_delete_scalar.sql
		Hics_BatchJob_v3.4\Funktionen\19.2_fn_check_user_table.sql = Hics_BatchJob_v3.4\Funktionen\19.2_fn_check_user_table.sql
		Hics_BatchJob_v3.4\Funktionen\19.3.1_fn_show_users.sql = Hics_BatchJob_v3.4\Funktionen\19.3.1_fn_show_users.sql
		Hics_BatchJob_v3.4\Funktionen\19.3.2_fn_show_deleted_users.sql = Hics_BatchJob_v3.4\Funktionen\19.3.2_fn_show_deleted_users.sql
		Hics_BatchJob_v3.4\Funktionen\19.4.1_fn_show_usergroups.sql = Hics_BatchJob_v3.4\Funktionen\19.4.1_fn_show_usergroups.sql
		Hics_BatchJob_v3.4\Funktionen\19.4.2_fn_show_deleted_usergroups.sql = Hics_BatchJob_v3.4\Funktionen\19.4.2_fn_show_deleted_usergroups.sql
		Hics_BatchJob_v3.4\Funktionen\19.5_fn_hash_password.sql = Hics_BatchJob_v3.4\Funktionen\19.5_fn_hash_password.sql
		Hics_BatchJob_v3.4\Funktionen\19.6_fn_check_admin_table.sql = Hics_BatchJob_v3.4\Funktionen\19.6_fn_check_admin_table.sql
		Hics_BatchJob_v3.4\Funktionen\19.7.1_fn_check_user_scalar.sql = Hics_BatchJob_v3.4\Funktionen\19.7.1_fn_check_user_scalar.sql
		Hics_BatchJob_v3.4\Funktionen\19.7.2_fn_check_admin_scalar.sql = Hics_BatchJob_v3.4\Funktionen\19.7.2_fn_check_admin_scalar.sql
		Hics_BatchJob_v3.4\Funktionen\19.8.1_fn_show_lamp_control.sql = Hics_BatchJob_v3.4\Funktionen\19.8.1_fn_show_lamp_control.sql
		Hics_BatchJob_v3.4\Funktionen\19.8.2_fn_show_lamp_control_history.sql = Hics_BatchJob_v3.4\Funktionen\19.8.2_fn_show_lamp_control_history.sql
		Hics_BatchJob_v3.4\Funktionen\19.8.3_fn_show_lampgroup_allocate.sql = Hics_BatchJob_v3.4\Funktionen\19.8.3_fn_show_lampgroup_allocate.sql
		Hics_BatchJob_v3.4\Funktionen\19.9_fn_show_lamp_status_scalar.sql = Hics_BatchJob_v3.4\Funktionen\19.9_fn_show_lamp_status_scalar.sql
	EndProjectSection
EndProject
Project("{2150E333-8FDC-42A3-9474-1A3956D46DE8}") = "Prozeduren", "Prozeduren", "{CB70076A-17C6-44B2-9697-CEA14C28CB8F}"
	ProjectSection(SolutionItems) = preProject
		Hics_BatchJob_v3.4\Prozeduren\1.2_sp_delete_data_from_tables.sql = Hics_BatchJob_v3.4\Prozeduren\1.2_sp_delete_data_from_tables.sql
		Hics_BatchJob_v3.4\Prozeduren\1.3_sp_insert_test_data.sql = Hics_BatchJob_v3.4\Prozeduren\1.3_sp_insert_test_data.sql
		Hics_BatchJob_v3.4\Prozeduren\13.1_sp_lamp_on.sql = Hics_BatchJob_v3.4\Prozeduren\13.1_sp_lamp_on.sql
		Hics_BatchJob_v3.4\Prozeduren\13.2_sp_set_lamp_stat.sql = Hics_BatchJob_v3.4\Prozeduren\13.2_sp_set_lamp_stat.sql
		Hics_BatchJob_v3.4\Prozeduren\14.1_sp_lamp_off.sql = Hics_BatchJob_v3.4\Prozeduren\14.1_sp_lamp_off.sql
		Hics_BatchJob_v3.4\Prozeduren\15.1_sp_lamp_dimm.sql = Hics_BatchJob_v3.4\Prozeduren\15.1_sp_lamp_dimm.sql
		Hics_BatchJob_v3.4\Prozeduren\19.1.1_sp_change_password.sql = Hics_BatchJob_v3.4\Prozeduren\19.1.1_sp_change_password.sql
		Hics_BatchJob_v3.4\Prozeduren\19.1.2_sp_change_password_by_admin.sql = Hics_BatchJob_v3.4\Prozeduren\19.1.2_sp_change_password_by_admin.sql
		Hics_BatchJob_v3.4\Prozeduren\2.1_sp_add_lamp.sql = Hics_BatchJob_v3.4\Prozeduren\2.1_sp_add_lamp.sql
		Hics_BatchJob_v3.4\Prozeduren\3.1_sp_delete_lamp.sql = Hics_BatchJob_v3.4\Prozeduren\3.1_sp_delete_lamp.sql
		Hics_BatchJob_v3.4\Prozeduren\4.1_sp_add_lampgroup.sql = Hics_BatchJob_v3.4\Prozeduren\4.1_sp_add_lampgroup.sql
		Hics_BatchJob_v3.4\Prozeduren\5.1_sp_add_lamp_to_lampgroup.sql = Hics_BatchJob_v3.4\Prozeduren\5.1_sp_add_lamp_to_lampgroup.sql
		Hics_BatchJob_v3.4\Prozeduren\6.1_sp_delete_lamp_from_roomgroup.sql = Hics_BatchJob_v3.4\Prozeduren\6.1_sp_delete_lamp_from_roomgroup.sql
		Hics_BatchJob_v3.4\Prozeduren\7.1_sp_delete_roomgroup.sql = Hics_BatchJob_v3.4\Prozeduren\7.1_sp_delete_roomgroup.sql
		Hics_BatchJob_v3.4\Prozeduren\8.1_sp_add_usergroup.sql = Hics_BatchJob_v3.4\Prozeduren\8.1_sp_add_usergroup.sql
		Hics_BatchJob_v3.4\Prozeduren\8.2_sp_delete_usergroup.sql = Hics_BatchJob_v3.4\Prozeduren\8.2_sp_delete_usergroup.sql
		Hics_BatchJob_v3.4\Prozeduren\8.3_sp_add_user.sql = Hics_BatchJob_v3.4\Prozeduren\8.3_sp_add_user.sql
		Hics_BatchJob_v3.4\Prozeduren\8.4_sp_delete_user.sql = Hics_BatchJob_v3.4\Prozeduren\8.4_sp_delete_user.sql
		Hics_BatchJob_v3.4\Prozeduren\8.5_sp_add_user_to_usergroup.sql = Hics_BatchJob_v3.4\Prozeduren\8.5_sp_add_user_to_usergroup.sql
		Hics_BatchJob_v3.4\Prozeduren\8.6_sp_delete_user_from_usergroup.sql = Hics_BatchJob_v3.4\Prozeduren\8.6_sp_delete_user_from_usergroup.sql
	EndProjectSection
EndProject
Global
	GlobalSection(SolutionConfigurationPlatforms) = preSolution
		Debug|Any CPU = Debug|Any CPU
		Release|Any CPU = Release|Any CPU
	EndGlobalSection
	GlobalSection(ProjectConfigurationPlatforms) = postSolution
		{BD0B3297-F0EC-47AC-9C48-894C19D97948}.Debug|Any CPU.ActiveCfg = Debug|Any CPU
		{BD0B3297-F0EC-47AC-9C48-894C19D97948}.Debug|Any CPU.Build.0 = Debug|Any CPU
		{BD0B3297-F0EC-47AC-9C48-894C19D97948}.Release|Any CPU.ActiveCfg = Release|Any CPU
		{BD0B3297-F0EC-47AC-9C48-894C19D97948}.Release|Any CPU.Build.0 = Release|Any CPU
		{47329ACA-86FC-4CE2-8BDA-A3CA789957DB}.Debug|Any CPU.ActiveCfg = Debug|Any CPU
		{47329ACA-86FC-4CE2-8BDA-A3CA789957DB}.Debug|Any CPU.Build.0 = Debug|Any CPU
		{47329ACA-86FC-4CE2-8BDA-A3CA789957DB}.Release|Any CPU.ActiveCfg = Release|Any CPU
		{47329ACA-86FC-4CE2-8BDA-A3CA789957DB}.Release|Any CPU.Build.0 = Release|Any CPU
		{4E087615-6CD9-4346-A569-DA51D1F02321}.Debug|Any CPU.ActiveCfg = Debug|Any CPU
		{4E087615-6CD9-4346-A569-DA51D1F02321}.Debug|Any CPU.Build.0 = Debug|Any CPU
		{4E087615-6CD9-4346-A569-DA51D1F02321}.Release|Any CPU.ActiveCfg = Release|Any CPU
		{4E087615-6CD9-4346-A569-DA51D1F02321}.Release|Any CPU.Build.0 = Release|Any CPU
		{5FCD221C-EA3E-4964-88D3-4861016D3889}.Debug|Any CPU.ActiveCfg = Debug|Any CPU
		{5FCD221C-EA3E-4964-88D3-4861016D3889}.Debug|Any CPU.Build.0 = Debug|Any CPU
		{5FCD221C-EA3E-4964-88D3-4861016D3889}.Release|Any CPU.ActiveCfg = Release|Any CPU
		{5FCD221C-EA3E-4964-88D3-4861016D3889}.Release|Any CPU.Build.0 = Release|Any CPU
	EndGlobalSection
	GlobalSection(SolutionProperties) = preSolution
		HideSolutionNode = FALSE
	EndGlobalSection
	GlobalSection(NestedProjects) = preSolution
		{05E257AF-1B60-4F03-8473-D95874B44566} = {447C906F-24FD-4540-8E5C-3A587518CDE6}
		{CB70076A-17C6-44B2-9697-CEA14C28CB8F} = {447C906F-24FD-4540-8E5C-3A587518CDE6}
	EndGlobalSection
EndGlobal
